
Microsoft Visual Studio Solution File, Format Version 12.00
# Visual Studio Version 17
VisualStudioVersion = 17.10.35122.118
MinimumVisualStudioVersion = 10.0.40219.1
Project("{2150E333-8FDC-42A3-9474-1A3956D46DE8}") = "Services", "Services", "{AA273A3E-B118-4D30-8B1C-5160F54C821D}"
EndProject
Project("{2150E333-8FDC-42A3-9474-1A3956D46DE8}") = "Catalog", "Catalog", "{043020BC-28B8-4BFB-AFA1-6610F882273C}"
EndProject
Project("{9A19103F-16F7-4668-BE54-9A1E7A4F7556}") = "Catalog.API", "Services\Catalog\Catalog.API\Catalog.API.csproj", "{4AF7238C-3275-4FAE-8005-E61A21C01C76}"
EndProject
Project("{2150E333-8FDC-42A3-9474-1A3956D46DE8}") = "BuildingBlocks", "BuildingBlocks", "{1EA1DDD2-904D-4086-A277-773EC008E0E9}"
EndProject
Project("{E53339B2-1760-4266-BCC7-CA923CBCF16C}") = "docker-compose", "docker-compose.dcproj", "{AE30581B-BF58-4407-9FA6-919845736B6D}"
EndProject
Project("{2150E333-8FDC-42A3-9474-1A3956D46DE8}") = "Basket", "Basket", "{D96E52CB-59E7-4C95-A70F-B013972CA798}"
EndProject
Project("{9A19103F-16F7-4668-BE54-9A1E7A4F7556}") = "Basket.API", "Services\Basket\Basket.API\Basket.API.csproj", "{AEB8EAFF-A211-4B49-B676-FEB9A82E2E6D}"
EndProject
Project("{2150E333-8FDC-42A3-9474-1A3956D46DE8}") = "Discount", "Discount", "{E9FF2125-6971-470C-97AD-CF60BF8094FB}"
EndProject
Project("{9A19103F-16F7-4668-BE54-9A1E7A4F7556}") = "Discount.Grpc", "Services\Discount\Discount.Grpc\Discount.Grpc.csproj", "{CEA9EEC1-1748-4622-AE59-C71B97BBD1B3}"
EndProject
Project("{2150E333-8FDC-42A3-9474-1A3956D46DE8}") = "Ordering", "Ordering", "{C930D030-771D-4D22-B08A-6106F5731684}"
EndProject
Project("{9A19103F-16F7-4668-BE54-9A1E7A4F7556}") = "Ordering.API", "Services\Ordering\Ordering.API\Ordering.API.csproj", "{EFD9C3C8-4C7B-435F-A6C2-30CD4063CAAC}"
EndProject
Project("{9A19103F-16F7-4668-BE54-9A1E7A4F7556}") = "Ordering.Domain", "Services\Ordering\Ordering.Domain\Ordering.Domain.csproj", "{6B7919F9-EF29-4E76-B039-3A8D78C90E3E}"
EndProject
Project("{9A19103F-16F7-4668-BE54-9A1E7A4F7556}") = "Ordering.Application", "Services\Ordering\Ordering.Application\Ordering.Application.csproj", "{BFBC565A-F76A-42FE-B64E-20ABF3CA9272}"
EndProject
Project("{9A19103F-16F7-4668-BE54-9A1E7A4F7556}") = "Ordering.Infrastructure", "Services\Ordering\Ordering.Infrastructure\Ordering.Infrastructure.csproj", "{D9014C4B-7830-45DB-A619-03146A1B2E88}"
EndProject
Project("{FAE04EC0-301F-11D3-BF4B-00C04F79EFBC}") = "BuildingBlocks.Messaging", "BuildingBlocks\BuildingBlocks.Messaging\BuildingBlocks.Messaging.csproj", "{D15B8BE1-B165-453F-9628-F828EB651B00}"
EndProject
Project("{FAE04EC0-301F-11D3-BF4B-00C04F79EFBC}") = "BuildingBlocks", "BuildingBlocks\BuildingBlocks\BuildingBlocks.csproj", "{C7682D37-1407-4425-8045-D33B408D98A0}"
EndProject
Project("{2150E333-8FDC-42A3-9474-1A3956D46DE8}") = "ApiGateways", "ApiGateways", "{D8E06D0C-22B0-4858-8136-7AE0D8D1D731}"
EndProject
Project("{FAE04EC0-301F-11D3-BF4B-00C04F79EFBC}") = "YarpApiGateway", "ApiGateways\YarpApiGateway\YarpApiGateway.csproj", "{61632E6F-A0E4-4EB1-8DD3-2F4E78EF5724}"
EndProject
Global
	GlobalSection(SolutionConfigurationPlatforms) = preSolution
		Debug|Any CPU = Debug|Any CPU
		Release|Any CPU = Release|Any CPU
	EndGlobalSection
	GlobalSection(ProjectConfigurationPlatforms) = postSolution
		{4AF7238C-3275-4FAE-8005-E61A21C01C76}.Debug|Any CPU.ActiveCfg = Debug|Any CPU
		{4AF7238C-3275-4FAE-8005-E61A21C01C76}.Debug|Any CPU.Build.0 = Debug|Any CPU
		{4AF7238C-3275-4FAE-8005-E61A21C01C76}.Release|Any CPU.ActiveCfg = Release|Any CPU
		{4AF7238C-3275-4FAE-8005-E61A21C01C76}.Release|Any CPU.Build.0 = Release|Any CPU
		{AE30581B-BF58-4407-9FA6-919845736B6D}.Debug|Any CPU.ActiveCfg = Debug|Any CPU
		{AE30581B-BF58-4407-9FA6-919845736B6D}.Debug|Any CPU.Build.0 = Debug|Any CPU
		{AE30581B-BF58-4407-9FA6-919845736B6D}.Release|Any CPU.ActiveCfg = Release|Any CPU
		{AE30581B-BF58-4407-9FA6-919845736B6D}.Release|Any CPU.Build.0 = Release|Any CPU
		{AEB8EAFF-A211-4B49-B676-FEB9A82E2E6D}.Debug|Any CPU.ActiveCfg = Debug|Any CPU
		{AEB8EAFF-A211-4B49-B676-FEB9A82E2E6D}.Debug|Any CPU.Build.0 = Debug|Any CPU
		{AEB8EAFF-A211-4B49-B676-FEB9A82E2E6D}.Release|Any CPU.ActiveCfg = Release|Any CPU
		{AEB8EAFF-A211-4B49-B676-FEB9A82E2E6D}.Release|Any CPU.Build.0 = Release|Any CPU
		{CEA9EEC1-1748-4622-AE59-C71B97BBD1B3}.Debug|Any CPU.ActiveCfg = Debug|Any CPU
		{CEA9EEC1-1748-4622-AE59-C71B97BBD1B3}.Debug|Any CPU.Build.0 = Debug|Any CPU
		{CEA9EEC1-1748-4622-AE59-C71B97BBD1B3}.Release|Any CPU.ActiveCfg = Release|Any CPU
		{CEA9EEC1-1748-4622-AE59-C71B97BBD1B3}.Release|Any CPU.Build.0 = Release|Any CPU
		{EFD9C3C8-4C7B-435F-A6C2-30CD4063CAAC}.Debug|Any CPU.ActiveCfg = Debug|Any CPU
		{EFD9C3C8-4C7B-435F-A6C2-30CD4063CAAC}.Debug|Any CPU.Build.0 = Debug|Any CPU
		{EFD9C3C8-4C7B-435F-A6C2-30CD4063CAAC}.Release|Any CPU.ActiveCfg = Release|Any CPU
		{EFD9C3C8-4C7B-435F-A6C2-30CD4063CAAC}.Release|Any CPU.Build.0 = Release|Any CPU
		{6B7919F9-EF29-4E76-B039-3A8D78C90E3E}.Debug|Any CPU.ActiveCfg = Debug|Any CPU
		{6B7919F9-EF29-4E76-B039-3A8D78C90E3E}.Debug|Any CPU.Build.0 = Debug|Any CPU
		{6B7919F9-EF29-4E76-B039-3A8D78C90E3E}.Release|Any CPU.ActiveCfg = Release|Any CPU
		{6B7919F9-EF29-4E76-B039-3A8D78C90E3E}.Release|Any CPU.Build.0 = Release|Any CPU
		{BFBC565A-F76A-42FE-B64E-20ABF3CA9272}.Debug|Any CPU.ActiveCfg = Debug|Any CPU
		{BFBC565A-F76A-42FE-B64E-20ABF3CA9272}.Debug|Any CPU.Build.0 = Debug|Any CPU
		{BFBC565A-F76A-42FE-B64E-20ABF3CA9272}.Release|Any CPU.ActiveCfg = Release|Any CPU
		{BFBC565A-F76A-42FE-B64E-20ABF3CA9272}.Release|Any CPU.Build.0 = Release|Any CPU
		{D9014C4B-7830-45DB-A619-03146A1B2E88}.Debug|Any CPU.ActiveCfg = Debug|Any CPU
		{D9014C4B-7830-45DB-A619-03146A1B2E88}.Debug|Any CPU.Build.0 = Debug|Any CPU
		{D9014C4B-7830-45DB-A619-03146A1B2E88}.Release|Any CPU.ActiveCfg = Release|Any CPU
		{D9014C4B-7830-45DB-A619-03146A1B2E88}.Release|Any CPU.Build.0 = Release|Any CPU
		{D15B8BE1-B165-453F-9628-F828EB651B00}.Debug|Any CPU.ActiveCfg = Debug|Any CPU
		{D15B8BE1-B165-453F-9628-F828EB651B00}.Debug|Any CPU.Build.0 = Debug|Any CPU
		{D15B8BE1-B165-453F-9628-F828EB651B00}.Release|Any CPU.ActiveCfg = Release|Any CPU
		{D15B8BE1-B165-453F-9628-F828EB651B00}.Release|Any CPU.Build.0 = Release|Any CPU
		{C7682D37-1407-4425-8045-D33B408D98A0}.Debug|Any CPU.ActiveCfg = Debug|Any CPU
		{C7682D37-1407-4425-8045-D33B408D98A0}.Debug|Any CPU.Build.0 = Debug|Any CPU
		{C7682D37-1407-4425-8045-D33B408D98A0}.Release|Any CPU.ActiveCfg = Release|Any CPU
		{C7682D37-1407-4425-8045-D33B408D98A0}.Release|Any CPU.Build.0 = Release|Any CPU
		{61632E6F-A0E4-4EB1-8DD3-2F4E78EF5724}.Debug|Any CPU.ActiveCfg = Debug|Any CPU
		{61632E6F-A0E4-4EB1-8DD3-2F4E78EF5724}.Debug|Any CPU.Build.0 = Debug|Any CPU
		{61632E6F-A0E4-4EB1-8DD3-2F4E78EF5724}.Release|Any CPU.ActiveCfg = Release|Any CPU
		{61632E6F-A0E4-4EB1-8DD3-2F4E78EF5724}.Release|Any CPU.Build.0 = Release|Any CPU
	EndGlobalSection
	GlobalSection(SolutionProperties) = preSolution
		HideSolutionNode = FALSE
	EndGlobalSection
	GlobalSection(NestedProjects) = preSolution
		{043020BC-28B8-4BFB-AFA1-6610F882273C} = {AA273A3E-B118-4D30-8B1C-5160F54C821D}
		{4AF7238C-3275-4FAE-8005-E61A21C01C76} = {043020BC-28B8-4BFB-AFA1-6610F882273C}
		{D96E52CB-59E7-4C95-A70F-B013972CA798} = {AA273A3E-B118-4D30-8B1C-5160F54C821D}
		{AEB8EAFF-A211-4B49-B676-FEB9A82E2E6D} = {D96E52CB-59E7-4C95-A70F-B013972CA798}
		{E9FF2125-6971-470C-97AD-CF60BF8094FB} = {AA273A3E-B118-4D30-8B1C-5160F54C821D}
		{CEA9EEC1-1748-4622-AE59-C71B97BBD1B3} = {E9FF2125-6971-470C-97AD-CF60BF8094FB}
		{C930D030-771D-4D22-B08A-6106F5731684} = {AA273A3E-B118-4D30-8B1C-5160F54C821D}
		{EFD9C3C8-4C7B-435F-A6C2-30CD4063CAAC} = {C930D030-771D-4D22-B08A-6106F5731684}
		{6B7919F9-EF29-4E76-B039-3A8D78C90E3E} = {C930D030-771D-4D22-B08A-6106F5731684}
		{BFBC565A-F76A-42FE-B64E-20ABF3CA9272} = {C930D030-771D-4D22-B08A-6106F5731684}
		{D9014C4B-7830-45DB-A619-03146A1B2E88} = {C930D030-771D-4D22-B08A-6106F5731684}
		{D15B8BE1-B165-453F-9628-F828EB651B00} = {1EA1DDD2-904D-4086-A277-773EC008E0E9}
		{C7682D37-1407-4425-8045-D33B408D98A0} = {1EA1DDD2-904D-4086-A277-773EC008E0E9}
		{61632E6F-A0E4-4EB1-8DD3-2F4E78EF5724} = {D8E06D0C-22B0-4858-8136-7AE0D8D1D731}
	EndGlobalSection
	GlobalSection(ExtensibilityGlobals) = postSolution
		SolutionGuid = {72AC6843-A2BB-48B8-A3EE-A910FA91C935}
	EndGlobalSection
EndGlobal
