
Microsoft Visual Studio Solution File, Format Version 12.00
# Visual Studio Version 17
VisualStudioVersion = 17.10.35122.118
MinimumVisualStudioVersion = 10.0.40219.1
Project("{2150E333-8FDC-42A3-9474-1A3956D46DE8}") = "Services", "Services", "{AA273A3E-B118-4D30-8B1C-5160F54C821D}"
EndProject
Project("{2150E333-8FDC-42A3-9474-1A3956D46DE8}") = "Catalog", "Catalog", "{043020BC-28B8-4BFB-AFA1-6610F882273C}"
EndProject
Project("{9A19103F-16F7-4668-BE54-9A1E7A4F7556}") = "Catalog.API", "Services\Catalog\Catalog.API\Catalog.API.csproj", "{4AF7238C-3275-4FAE-8005-E61A21C01C76}"
EndProject
Project("{2150E333-8FDC-42A3-9474-1A3956D46DE8}") = "BuildingBlocks", "BuildingBlocks", "{1EA1DDD2-904D-4086-A277-773EC008E0E9}"
EndProject
Project("{9A19103F-16F7-4668-BE54-9A1E7A4F7556}") = "BuildingBlocks", "BuildingBlocks\BuildingBlocks.csproj", "{2594C7D4-7887-455C-B981-E552370C125F}"
EndProject
Project("{E53339B2-1760-4266-BCC7-CA923CBCF16C}") = "docker-compose", "docker-compose.dcproj", "{AE30581B-BF58-4407-9FA6-919845736B6D}"
EndProject
Project("{2150E333-8FDC-42A3-9474-1A3956D46DE8}") = "Basket", "Basket", "{D96E52CB-59E7-4C95-A70F-B013972CA798}"
EndProject
Project("{FAE04EC0-301F-11D3-BF4B-00C04F79EFBC}") = "Basket.API", "Services\Basket\Basket.API\Basket.API.csproj", "{AEB8EAFF-A211-4B49-B676-FEB9A82E2E6D}"
EndProject
Global
	GlobalSection(SolutionConfigurationPlatforms) = preSolution
		Debug|Any CPU = Debug|Any CPU
		Release|Any CPU = Release|Any CPU
	EndGlobalSection
	GlobalSection(ProjectConfigurationPlatforms) = postSolution
		{4AF7238C-3275-4FAE-8005-E61A21C01C76}.Debug|Any CPU.ActiveCfg = Debug|Any CPU
		{4AF7238C-3275-4FAE-8005-E61A21C01C76}.Debug|Any CPU.Build.0 = Debug|Any CPU
		{4AF7238C-3275-4FAE-8005-E61A21C01C76}.Release|Any CPU.ActiveCfg = Release|Any CPU
		{4AF7238C-3275-4FAE-8005-E61A21C01C76}.Release|Any CPU.Build.0 = Release|Any CPU
		{2594C7D4-7887-455C-B981-E552370C125F}.Debug|Any CPU.ActiveCfg = Debug|Any CPU
		{2594C7D4-7887-455C-B981-E552370C125F}.Debug|Any CPU.Build.0 = Debug|Any CPU
		{2594C7D4-7887-455C-B981-E552370C125F}.Release|Any CPU.ActiveCfg = Release|Any CPU
		{2594C7D4-7887-455C-B981-E552370C125F}.Release|Any CPU.Build.0 = Release|Any CPU
		{AE30581B-BF58-4407-9FA6-919845736B6D}.Debug|Any CPU.ActiveCfg = Debug|Any CPU
		{AE30581B-BF58-4407-9FA6-919845736B6D}.Debug|Any CPU.Build.0 = Debug|Any CPU
		{AE30581B-BF58-4407-9FA6-919845736B6D}.Release|Any CPU.ActiveCfg = Release|Any CPU
		{AE30581B-BF58-4407-9FA6-919845736B6D}.Release|Any CPU.Build.0 = Release|Any CPU
		{AEB8EAFF-A211-4B49-B676-FEB9A82E2E6D}.Debug|Any CPU.ActiveCfg = Debug|Any CPU
		{AEB8EAFF-A211-4B49-B676-FEB9A82E2E6D}.Debug|Any CPU.Build.0 = Debug|Any CPU
		{AEB8EAFF-A211-4B49-B676-FEB9A82E2E6D}.Release|Any CPU.ActiveCfg = Release|Any CPU
		{AEB8EAFF-A211-4B49-B676-FEB9A82E2E6D}.Release|Any CPU.Build.0 = Release|Any CPU
	EndGlobalSection
	GlobalSection(SolutionProperties) = preSolution
		HideSolutionNode = FALSE
	EndGlobalSection
	GlobalSection(NestedProjects) = preSolution
		{043020BC-28B8-4BFB-AFA1-6610F882273C} = {AA273A3E-B118-4D30-8B1C-5160F54C821D}
		{4AF7238C-3275-4FAE-8005-E61A21C01C76} = {043020BC-28B8-4BFB-AFA1-6610F882273C}
		{2594C7D4-7887-455C-B981-E552370C125F} = {1EA1DDD2-904D-4086-A277-773EC008E0E9}
		{D96E52CB-59E7-4C95-A70F-B013972CA798} = {AA273A3E-B118-4D30-8B1C-5160F54C821D}
		{AEB8EAFF-A211-4B49-B676-FEB9A82E2E6D} = {D96E52CB-59E7-4C95-A70F-B013972CA798}
	EndGlobalSection
	GlobalSection(ExtensibilityGlobals) = postSolution
		SolutionGuid = {72AC6843-A2BB-48B8-A3EE-A910FA91C935}
	EndGlobalSection
EndGlobal
